
Microsoft Visual Studio Solution File, Format Version 12.00
# Visual Studio 15
VisualStudioVersion = 15.0.27428.2043
MinimumVisualStudioVersion = 10.0.40219.1
Project("{FAE04EC0-301F-11D3-BF4B-00C04F79EFBC}") = "TestStation", "TestStation\TestStation.csproj", "{D577EF31-7C0F-4695-A82E-146E3AA9A4DE}"
EndProject
Project("{FAE04EC0-301F-11D3-BF4B-00C04F79EFBC}") = "Utils", "Utils\Utils.csproj", "{ECCE0B02-0262-48D1-871D-6EB0440AF17F}"
EndProject
Project("{FAE04EC0-301F-11D3-BF4B-00C04F79EFBC}") = "Hardware", "Hardware\Hardware.csproj", "{E94F00C8-7CFB-4B8C-998F-784DEB4AE480}"
EndProject
Project("{FAE04EC0-301F-11D3-BF4B-00C04F79EFBC}") = "Database", "Database\Database.csproj", "{71A89709-FD59-4F40-A57E-AF4641426A99}"
EndProject
Project("{2150E333-8FDC-42A3-9474-1A3956D46DE8}") = "Test", "Test", "{5FE2BA4A-A209-40AA-B7A4-396C4C0503AC}"
EndProject
Project("{FAE04EC0-301F-11D3-BF4B-00C04F79EFBC}") = "HardwareTest", "HardwareTest\HardwareTest.csproj", "{0A3CF755-73A0-4AAF-9B83-C22E4915A23B}"
EndProject
Project("{FAE04EC0-301F-11D3-BF4B-00C04F79EFBC}") = "ImageTest", "ImageTest\ImageTest.csproj", "{4FC32A81-7F6D-4263-B497-E6F9741B48D1}"
EndProject
Project("{FAE04EC0-301F-11D3-BF4B-00C04F79EFBC}") = "JbImage", "JbImage\JbImage.csproj", "{88E41CF6-CC56-49D7-B09D-E220F5727653}"
EndProject
Project("{FAE04EC0-301F-11D3-BF4B-00C04F79EFBC}") = "ImageProcessor", "ImageProcessTool\ImageProcessor.csproj", "{2637F318-DFF7-41C7-A917-51234F1E8F60}"
EndProject
Project("{2150E333-8FDC-42A3-9474-1A3956D46DE8}") = "Tools", "Tools", "{3F15FBD3-C360-4E04-AD46-A27AF3F37AEE}"
EndProject
Project("{FAE04EC0-301F-11D3-BF4B-00C04F79EFBC}") = "ImageTool", "ImageTool\ImageTool.csproj", "{1FF05356-8D00-4DF6-B134-E195BF40FDA9}"
EndProject
Global
	GlobalSection(SolutionConfigurationPlatforms) = preSolution
		Debug|Any CPU = Debug|Any CPU
		Release|Any CPU = Release|Any CPU
	EndGlobalSection
	GlobalSection(ProjectConfigurationPlatforms) = postSolution
		{D577EF31-7C0F-4695-A82E-146E3AA9A4DE}.Debug|Any CPU.ActiveCfg = Debug|Any CPU
		{D577EF31-7C0F-4695-A82E-146E3AA9A4DE}.Debug|Any CPU.Build.0 = Debug|Any CPU
		{D577EF31-7C0F-4695-A82E-146E3AA9A4DE}.Release|Any CPU.ActiveCfg = Release|Any CPU
		{D577EF31-7C0F-4695-A82E-146E3AA9A4DE}.Release|Any CPU.Build.0 = Release|Any CPU
		{ECCE0B02-0262-48D1-871D-6EB0440AF17F}.Debug|Any CPU.ActiveCfg = Debug|Any CPU
		{ECCE0B02-0262-48D1-871D-6EB0440AF17F}.Debug|Any CPU.Build.0 = Debug|Any CPU
		{ECCE0B02-0262-48D1-871D-6EB0440AF17F}.Release|Any CPU.ActiveCfg = Release|Any CPU
		{ECCE0B02-0262-48D1-871D-6EB0440AF17F}.Release|Any CPU.Build.0 = Release|Any CPU
		{E94F00C8-7CFB-4B8C-998F-784DEB4AE480}.Debug|Any CPU.ActiveCfg = Debug|Any CPU
		{E94F00C8-7CFB-4B8C-998F-784DEB4AE480}.Debug|Any CPU.Build.0 = Debug|Any CPU
		{E94F00C8-7CFB-4B8C-998F-784DEB4AE480}.Release|Any CPU.ActiveCfg = Release|Any CPU
		{E94F00C8-7CFB-4B8C-998F-784DEB4AE480}.Release|Any CPU.Build.0 = Release|Any CPU
		{71A89709-FD59-4F40-A57E-AF4641426A99}.Debug|Any CPU.ActiveCfg = Debug|Any CPU
		{71A89709-FD59-4F40-A57E-AF4641426A99}.Debug|Any CPU.Build.0 = Debug|Any CPU
		{71A89709-FD59-4F40-A57E-AF4641426A99}.Release|Any CPU.ActiveCfg = Release|Any CPU
		{71A89709-FD59-4F40-A57E-AF4641426A99}.Release|Any CPU.Build.0 = Release|Any CPU
		{0A3CF755-73A0-4AAF-9B83-C22E4915A23B}.Debug|Any CPU.ActiveCfg = Debug|Any CPU
		{0A3CF755-73A0-4AAF-9B83-C22E4915A23B}.Debug|Any CPU.Build.0 = Debug|Any CPU
		{0A3CF755-73A0-4AAF-9B83-C22E4915A23B}.Release|Any CPU.ActiveCfg = Release|Any CPU
		{0A3CF755-73A0-4AAF-9B83-C22E4915A23B}.Release|Any CPU.Build.0 = Release|Any CPU
		{4FC32A81-7F6D-4263-B497-E6F9741B48D1}.Debug|Any CPU.ActiveCfg = Debug|Any CPU
		{4FC32A81-7F6D-4263-B497-E6F9741B48D1}.Debug|Any CPU.Build.0 = Debug|Any CPU
		{4FC32A81-7F6D-4263-B497-E6F9741B48D1}.Release|Any CPU.ActiveCfg = Release|Any CPU
		{4FC32A81-7F6D-4263-B497-E6F9741B48D1}.Release|Any CPU.Build.0 = Release|Any CPU
		{88E41CF6-CC56-49D7-B09D-E220F5727653}.Debug|Any CPU.ActiveCfg = Debug|Any CPU
		{88E41CF6-CC56-49D7-B09D-E220F5727653}.Debug|Any CPU.Build.0 = Debug|Any CPU
		{88E41CF6-CC56-49D7-B09D-E220F5727653}.Release|Any CPU.ActiveCfg = Release|Any CPU
		{88E41CF6-CC56-49D7-B09D-E220F5727653}.Release|Any CPU.Build.0 = Release|Any CPU
		{2637F318-DFF7-41C7-A917-51234F1E8F60}.Debug|Any CPU.ActiveCfg = Debug|Any CPU
		{2637F318-DFF7-41C7-A917-51234F1E8F60}.Debug|Any CPU.Build.0 = Debug|Any CPU
		{2637F318-DFF7-41C7-A917-51234F1E8F60}.Release|Any CPU.ActiveCfg = Release|Any CPU
		{2637F318-DFF7-41C7-A917-51234F1E8F60}.Release|Any CPU.Build.0 = Release|Any CPU
		{1FF05356-8D00-4DF6-B134-E195BF40FDA9}.Debug|Any CPU.ActiveCfg = Debug|Any CPU
		{1FF05356-8D00-4DF6-B134-E195BF40FDA9}.Debug|Any CPU.Build.0 = Debug|Any CPU
		{1FF05356-8D00-4DF6-B134-E195BF40FDA9}.Release|Any CPU.ActiveCfg = Release|Any CPU
		{1FF05356-8D00-4DF6-B134-E195BF40FDA9}.Release|Any CPU.Build.0 = Release|Any CPU
	EndGlobalSection
	GlobalSection(SolutionProperties) = preSolution
		HideSolutionNode = FALSE
	EndGlobalSection
	GlobalSection(NestedProjects) = preSolution
		{0A3CF755-73A0-4AAF-9B83-C22E4915A23B} = {5FE2BA4A-A209-40AA-B7A4-396C4C0503AC}
		{4FC32A81-7F6D-4263-B497-E6F9741B48D1} = {5FE2BA4A-A209-40AA-B7A4-396C4C0503AC}
		{2637F318-DFF7-41C7-A917-51234F1E8F60} = {5FE2BA4A-A209-40AA-B7A4-396C4C0503AC}
	EndGlobalSection
	GlobalSection(ExtensibilityGlobals) = postSolution
		SolutionGuid = {20D97E70-2B0F-4E67-B146-4292A555F369}
	EndGlobalSection
EndGlobal
